
Microsoft Visual Studio Solution File, Format Version 12.00
# Visual Studio Version 16
VisualStudioVersion = 16.0.31624.102
MinimumVisualStudioVersion = 10.0.40219.1
Project("{FAE04EC0-301F-11D3-BF4B-00C04F79EFBC}") = "SBContactManager", "SBContactManager\SBContactManager.csproj", "{C44EB78A-C34C-45D0-857B-238CD73ABCDB}"
EndProject
Global
	GlobalSection(SolutionConfigurationPlatforms) = preSolution
		Debug|Any CPU = Debug|Any CPU
		Release|Any CPU = Release|Any CPU
	EndGlobalSection
	GlobalSection(ProjectConfigurationPlatforms) = postSolution
		{C44EB78A-C34C-45D0-857B-238CD73ABCDB}.Debug|Any CPU.ActiveCfg = Debug|Any CPU
		{C44EB78A-C34C-45D0-857B-238CD73ABCDB}.Debug|Any CPU.Build.0 = Debug|Any CPU
		{C44EB78A-C34C-45D0-857B-238CD73ABCDB}.Release|Any CPU.ActiveCfg = Release|Any CPU
		{C44EB78A-C34C-45D0-857B-238CD73ABCDB}.Release|Any CPU.Build.0 = Release|Any CPU
	EndGlobalSection
	GlobalSection(SolutionProperties) = preSolution
		HideSolutionNode = FALSE
	EndGlobalSection
	GlobalSection(ExtensibilityGlobals) = postSolution
		SolutionGuid = {5C6F6875-6228-4FBD-964A-2F98F9240BBF}
	EndGlobalSection
EndGlobal
